
Microsoft Visual Studio Solution File, Format Version 12.00
# Visual Studio Version 17
VisualStudioVersion = 17.1.32210.238
MinimumVisualStudioVersion = 10.0.40219.1
Project("{FAE04EC0-301F-11D3-BF4B-00C04F79EFBC}") = "Company", "Company\Company.csproj", "{F44AAA0F-5F4E-470D-B977-C8530F62EA0A}"
EndProject
Project("{FAE04EC0-301F-11D3-BF4B-00C04F79EFBC}") = "Models", "Models\Models.csproj", "{3626DC39-2886-4E0E-96F3-99BE7BCC4B54}"
EndProject
Global
	GlobalSection(SolutionConfigurationPlatforms) = preSolution
		Debug|Any CPU = Debug|Any CPU
		Release|Any CPU = Release|Any CPU
	EndGlobalSection
	GlobalSection(ProjectConfigurationPlatforms) = postSolution
		{F44AAA0F-5F4E-470D-B977-C8530F62EA0A}.Debug|Any CPU.ActiveCfg = Debug|Any CPU
		{F44AAA0F-5F4E-470D-B977-C8530F62EA0A}.Debug|Any CPU.Build.0 = Debug|Any CPU
		{F44AAA0F-5F4E-470D-B977-C8530F62EA0A}.Release|Any CPU.ActiveCfg = Release|Any CPU
		{F44AAA0F-5F4E-470D-B977-C8530F62EA0A}.Release|Any CPU.Build.0 = Release|Any CPU
		{3626DC39-2886-4E0E-96F3-99BE7BCC4B54}.Debug|Any CPU.ActiveCfg = Debug|Any CPU
		{3626DC39-2886-4E0E-96F3-99BE7BCC4B54}.Debug|Any CPU.Build.0 = Debug|Any CPU
		{3626DC39-2886-4E0E-96F3-99BE7BCC4B54}.Release|Any CPU.ActiveCfg = Release|Any CPU
		{3626DC39-2886-4E0E-96F3-99BE7BCC4B54}.Release|Any CPU.Build.0 = Release|Any CPU
	EndGlobalSection
	GlobalSection(SolutionProperties) = preSolution
		HideSolutionNode = FALSE
	EndGlobalSection
	GlobalSection(ExtensibilityGlobals) = postSolution
		SolutionGuid = {07114792-A1BA-4EBB-85C9-594CA8BD96B3}
	EndGlobalSection
EndGlobal
