
Microsoft Visual Studio Solution File, Format Version 12.00
# Visual Studio Version 16
VisualStudioVersion = 16.0.30413.136
MinimumVisualStudioVersion = 10.0.40219.1
Project("{FAE04EC0-301F-11D3-BF4B-00C04F79EFBC}") = "Demo", "Demo\Demo.csproj", "{A099D9F4-2898-4F0F-BB45-13CFEB6023A1}"
EndProject
Global
	GlobalSection(SolutionConfigurationPlatforms) = preSolution
		Debug|Any CPU = Debug|Any CPU
		Release|Any CPU = Release|Any CPU
	EndGlobalSection
	GlobalSection(ProjectConfigurationPlatforms) = postSolution
		{A099D9F4-2898-4F0F-BB45-13CFEB6023A1}.Debug|Any CPU.ActiveCfg = Debug|Any CPU
		{A099D9F4-2898-4F0F-BB45-13CFEB6023A1}.Debug|Any CPU.Build.0 = Debug|Any CPU
		{A099D9F4-2898-4F0F-BB45-13CFEB6023A1}.Release|Any CPU.ActiveCfg = Release|Any CPU
		{A099D9F4-2898-4F0F-BB45-13CFEB6023A1}.Release|Any CPU.Build.0 = Release|Any CPU
	EndGlobalSection
	GlobalSection(SolutionProperties) = preSolution
		HideSolutionNode = FALSE
	EndGlobalSection
	GlobalSection(ExtensibilityGlobals) = postSolution
		SolutionGuid = {91694101-8B5D-4DEE-A7E2-2CB47D6914B0}
	EndGlobalSection
EndGlobal
