
Microsoft Visual Studio Solution File, Format Version 12.00
# Visual Studio Version 16
VisualStudioVersion = 16.0.31729.503
MinimumVisualStudioVersion = 10.0.40219.1
Project("{FAE04EC0-301F-11D3-BF4B-00C04F79EFBC}") = "Strings", "Strings\Strings.csproj", "{6BF1DCC1-C0E2-4680-B427-6E7E17F7CD51}"
EndProject
Project("{FAE04EC0-301F-11D3-BF4B-00C04F79EFBC}") = "Dates", "Dates\Dates.csproj", "{192B7FE8-323C-4634-A3AB-47056726B903}"
EndProject
Project("{FAE04EC0-301F-11D3-BF4B-00C04F79EFBC}") = "Classes", "Classes\Classes.csproj", "{C8E4E142-62F6-485E-B101-4CA6EC7DA470}"
EndProject
Project("{FAE04EC0-301F-11D3-BF4B-00C04F79EFBC}") = "Exercise", "Exercise\Exercise.csproj", "{4E2066EC-9A4F-44BA-83B1-C5388AE86B81}"
EndProject
Global
	GlobalSection(SolutionConfigurationPlatforms) = preSolution
		Debug|Any CPU = Debug|Any CPU
		Release|Any CPU = Release|Any CPU
	EndGlobalSection
	GlobalSection(ProjectConfigurationPlatforms) = postSolution
		{6BF1DCC1-C0E2-4680-B427-6E7E17F7CD51}.Debug|Any CPU.ActiveCfg = Debug|Any CPU
		{6BF1DCC1-C0E2-4680-B427-6E7E17F7CD51}.Debug|Any CPU.Build.0 = Debug|Any CPU
		{6BF1DCC1-C0E2-4680-B427-6E7E17F7CD51}.Release|Any CPU.ActiveCfg = Release|Any CPU
		{6BF1DCC1-C0E2-4680-B427-6E7E17F7CD51}.Release|Any CPU.Build.0 = Release|Any CPU
		{192B7FE8-323C-4634-A3AB-47056726B903}.Debug|Any CPU.ActiveCfg = Debug|Any CPU
		{192B7FE8-323C-4634-A3AB-47056726B903}.Debug|Any CPU.Build.0 = Debug|Any CPU
		{192B7FE8-323C-4634-A3AB-47056726B903}.Release|Any CPU.ActiveCfg = Release|Any CPU
		{192B7FE8-323C-4634-A3AB-47056726B903}.Release|Any CPU.Build.0 = Release|Any CPU
		{C8E4E142-62F6-485E-B101-4CA6EC7DA470}.Debug|Any CPU.ActiveCfg = Debug|Any CPU
		{C8E4E142-62F6-485E-B101-4CA6EC7DA470}.Debug|Any CPU.Build.0 = Debug|Any CPU
		{C8E4E142-62F6-485E-B101-4CA6EC7DA470}.Release|Any CPU.ActiveCfg = Release|Any CPU
		{C8E4E142-62F6-485E-B101-4CA6EC7DA470}.Release|Any CPU.Build.0 = Release|Any CPU
		{4E2066EC-9A4F-44BA-83B1-C5388AE86B81}.Debug|Any CPU.ActiveCfg = Debug|Any CPU
		{4E2066EC-9A4F-44BA-83B1-C5388AE86B81}.Debug|Any CPU.Build.0 = Debug|Any CPU
		{4E2066EC-9A4F-44BA-83B1-C5388AE86B81}.Release|Any CPU.ActiveCfg = Release|Any CPU
		{4E2066EC-9A4F-44BA-83B1-C5388AE86B81}.Release|Any CPU.Build.0 = Release|Any CPU
	EndGlobalSection
	GlobalSection(SolutionProperties) = preSolution
		HideSolutionNode = FALSE
	EndGlobalSection
	GlobalSection(ExtensibilityGlobals) = postSolution
		SolutionGuid = {A4FC6B78-FB1C-4436-9FA2-B1990504380C}
	EndGlobalSection
EndGlobal
