
Microsoft Visual Studio Solution File, Format Version 12.00
# Visual Studio Version 16
VisualStudioVersion = 16.0.31005.135
MinimumVisualStudioVersion = 10.0.40219.1
Project("{FAE04EC0-301F-11D3-BF4B-00C04F79EFBC}") = "SEDC.Oop.Class09.LinqQueries", "SEDC.Oop.Class09.LinqQueries\SEDC.Oop.Class09.LinqQueries.csproj", "{C158AAD4-ADC1-4485-8D74-037B3CF01B1F}"
EndProject
Project("{FAE04EC0-301F-11D3-BF4B-00C04F79EFBC}") = "SEDC.Oop.Class09.ErrorHandling", "SEDC.Oop.Class09.ErrorHandling\SEDC.Oop.Class09.ErrorHandling.csproj", "{28D22658-6B89-47A5-9489-1F88F9A5FA57}"
EndProject
Global
	GlobalSection(SolutionConfigurationPlatforms) = preSolution
		Debug|Any CPU = Debug|Any CPU
		Release|Any CPU = Release|Any CPU
	EndGlobalSection
	GlobalSection(ProjectConfigurationPlatforms) = postSolution
		{C158AAD4-ADC1-4485-8D74-037B3CF01B1F}.Debug|Any CPU.ActiveCfg = Debug|Any CPU
		{C158AAD4-ADC1-4485-8D74-037B3CF01B1F}.Debug|Any CPU.Build.0 = Debug|Any CPU
		{C158AAD4-ADC1-4485-8D74-037B3CF01B1F}.Release|Any CPU.ActiveCfg = Release|Any CPU
		{C158AAD4-ADC1-4485-8D74-037B3CF01B1F}.Release|Any CPU.Build.0 = Release|Any CPU
		{28D22658-6B89-47A5-9489-1F88F9A5FA57}.Debug|Any CPU.ActiveCfg = Debug|Any CPU
		{28D22658-6B89-47A5-9489-1F88F9A5FA57}.Debug|Any CPU.Build.0 = Debug|Any CPU
		{28D22658-6B89-47A5-9489-1F88F9A5FA57}.Release|Any CPU.ActiveCfg = Release|Any CPU
		{28D22658-6B89-47A5-9489-1F88F9A5FA57}.Release|Any CPU.Build.0 = Release|Any CPU
	EndGlobalSection
	GlobalSection(SolutionProperties) = preSolution
		HideSolutionNode = FALSE
	EndGlobalSection
	GlobalSection(ExtensibilityGlobals) = postSolution
		SolutionGuid = {58E0628B-6DB9-4B5E-85F4-8492F5D7599B}
	EndGlobalSection
EndGlobal
