
Microsoft Visual Studio Solution File, Format Version 12.00
# Visual Studio Version 16
VisualStudioVersion = 16.0.31321.278
MinimumVisualStudioVersion = 10.0.40219.1
Project("{FAE04EC0-301F-11D3-BF4B-00C04F79EFBC}") = "CSharpBasic-G2-DatesAndStrings-L4", "CSharpBasic-G2-DatesAndStrings-L4\CSharpBasic-G2-DatesAndStrings-L4.csproj", "{878F2D66-4332-4C1D-92EA-C18EA2624CD4}"
EndProject
Project("{FAE04EC0-301F-11D3-BF4B-00C04F79EFBC}") = "CSharpBasic-G2-Strings-L4", "CSharpBasic-G2-Strings-L4\CSharpBasic-G2-Strings-L4.csproj", "{50E14A5A-34FC-489B-96DB-0CD54169AB60}"
EndProject
Project("{FAE04EC0-301F-11D3-BF4B-00C04F79EFBC}") = "CSharpBasic-G2-Dates-L4", "CSharpBasic-G2-Dates-L4\CSharpBasic-G2-Dates-L4.csproj", "{0DE2E8B7-1601-497E-A53A-E34BA573C0C0}"
EndProject
Global
	GlobalSection(SolutionConfigurationPlatforms) = preSolution
		Debug|Any CPU = Debug|Any CPU
		Release|Any CPU = Release|Any CPU
	EndGlobalSection
	GlobalSection(ProjectConfigurationPlatforms) = postSolution
		{878F2D66-4332-4C1D-92EA-C18EA2624CD4}.Debug|Any CPU.ActiveCfg = Debug|Any CPU
		{878F2D66-4332-4C1D-92EA-C18EA2624CD4}.Debug|Any CPU.Build.0 = Debug|Any CPU
		{878F2D66-4332-4C1D-92EA-C18EA2624CD4}.Release|Any CPU.ActiveCfg = Release|Any CPU
		{878F2D66-4332-4C1D-92EA-C18EA2624CD4}.Release|Any CPU.Build.0 = Release|Any CPU
		{50E14A5A-34FC-489B-96DB-0CD54169AB60}.Debug|Any CPU.ActiveCfg = Debug|Any CPU
		{50E14A5A-34FC-489B-96DB-0CD54169AB60}.Debug|Any CPU.Build.0 = Debug|Any CPU
		{50E14A5A-34FC-489B-96DB-0CD54169AB60}.Release|Any CPU.ActiveCfg = Release|Any CPU
		{50E14A5A-34FC-489B-96DB-0CD54169AB60}.Release|Any CPU.Build.0 = Release|Any CPU
		{0DE2E8B7-1601-497E-A53A-E34BA573C0C0}.Debug|Any CPU.ActiveCfg = Debug|Any CPU
		{0DE2E8B7-1601-497E-A53A-E34BA573C0C0}.Debug|Any CPU.Build.0 = Debug|Any CPU
		{0DE2E8B7-1601-497E-A53A-E34BA573C0C0}.Release|Any CPU.ActiveCfg = Release|Any CPU
		{0DE2E8B7-1601-497E-A53A-E34BA573C0C0}.Release|Any CPU.Build.0 = Release|Any CPU
	EndGlobalSection
	GlobalSection(SolutionProperties) = preSolution
		HideSolutionNode = FALSE
	EndGlobalSection
	GlobalSection(ExtensibilityGlobals) = postSolution
		SolutionGuid = {290ED41E-3FB1-4C34-829B-CAFDC2312070}
	EndGlobalSection
EndGlobal
