
Microsoft Visual Studio Solution File, Format Version 12.00
# Visual Studio Version 16
VisualStudioVersion = 16.0.31321.278
MinimumVisualStudioVersion = 10.0.40219.1
Project("{FAE04EC0-301F-11D3-BF4B-00C04F79EFBC}") = "CSharpBasic-G2-L8", "CSharpBasic-G2-L8\CSharpBasic-G2-L8.csproj", "{8EB293EF-0222-41C5-A3BA-99B921A39E37}"
EndProject
Project("{FAE04EC0-301F-11D3-BF4B-00C04F79EFBC}") = "CSharpBasic-G2-L8-E2", "CSharpBasic-G2-L8-E2\CSharpBasic-G2-L8-E2.csproj", "{B855F874-5E1E-4DA7-AFAD-B74F056CF7DF}"
EndProject
Global
	GlobalSection(SolutionConfigurationPlatforms) = preSolution
		Debug|Any CPU = Debug|Any CPU
		Release|Any CPU = Release|Any CPU
	EndGlobalSection
	GlobalSection(ProjectConfigurationPlatforms) = postSolution
		{8EB293EF-0222-41C5-A3BA-99B921A39E37}.Debug|Any CPU.ActiveCfg = Debug|Any CPU
		{8EB293EF-0222-41C5-A3BA-99B921A39E37}.Debug|Any CPU.Build.0 = Debug|Any CPU
		{8EB293EF-0222-41C5-A3BA-99B921A39E37}.Release|Any CPU.ActiveCfg = Release|Any CPU
		{8EB293EF-0222-41C5-A3BA-99B921A39E37}.Release|Any CPU.Build.0 = Release|Any CPU
		{B855F874-5E1E-4DA7-AFAD-B74F056CF7DF}.Debug|Any CPU.ActiveCfg = Debug|Any CPU
		{B855F874-5E1E-4DA7-AFAD-B74F056CF7DF}.Debug|Any CPU.Build.0 = Debug|Any CPU
		{B855F874-5E1E-4DA7-AFAD-B74F056CF7DF}.Release|Any CPU.ActiveCfg = Release|Any CPU
		{B855F874-5E1E-4DA7-AFAD-B74F056CF7DF}.Release|Any CPU.Build.0 = Release|Any CPU
	EndGlobalSection
	GlobalSection(SolutionProperties) = preSolution
		HideSolutionNode = FALSE
	EndGlobalSection
	GlobalSection(ExtensibilityGlobals) = postSolution
		SolutionGuid = {D5D50ABD-24D0-49F8-A8D1-83D2B5BD88A8}
	EndGlobalSection
EndGlobal
