
Microsoft Visual Studio Solution File, Format Version 12.00
# Visual Studio Version 16
VisualStudioVersion = 16.0.31321.278
MinimumVisualStudioVersion = 10.0.40219.1
Project("{FAE04EC0-301F-11D3-BF4B-00C04F79EFBC}") = "CSharp-G2-C7-Inheritance", "CSharp-G2-C7-Inheritance\CSharp-G2-C7-Inheritance.csproj", "{2DF877A5-C4F0-4D5F-9F59-DB05931FEE92}"
EndProject
Project("{FAE04EC0-301F-11D3-BF4B-00C04F79EFBC}") = "Entities", "Entities\Entities.csproj", "{3083BFFB-0BEA-4621-81F3-AA1756FC8B98}"
EndProject
Global
	GlobalSection(SolutionConfigurationPlatforms) = preSolution
		Debug|Any CPU = Debug|Any CPU
		Release|Any CPU = Release|Any CPU
	EndGlobalSection
	GlobalSection(ProjectConfigurationPlatforms) = postSolution
		{2DF877A5-C4F0-4D5F-9F59-DB05931FEE92}.Debug|Any CPU.ActiveCfg = Debug|Any CPU
		{2DF877A5-C4F0-4D5F-9F59-DB05931FEE92}.Debug|Any CPU.Build.0 = Debug|Any CPU
		{2DF877A5-C4F0-4D5F-9F59-DB05931FEE92}.Release|Any CPU.ActiveCfg = Release|Any CPU
		{2DF877A5-C4F0-4D5F-9F59-DB05931FEE92}.Release|Any CPU.Build.0 = Release|Any CPU
		{3083BFFB-0BEA-4621-81F3-AA1756FC8B98}.Debug|Any CPU.ActiveCfg = Debug|Any CPU
		{3083BFFB-0BEA-4621-81F3-AA1756FC8B98}.Debug|Any CPU.Build.0 = Debug|Any CPU
		{3083BFFB-0BEA-4621-81F3-AA1756FC8B98}.Release|Any CPU.ActiveCfg = Release|Any CPU
		{3083BFFB-0BEA-4621-81F3-AA1756FC8B98}.Release|Any CPU.Build.0 = Release|Any CPU
	EndGlobalSection
	GlobalSection(SolutionProperties) = preSolution
		HideSolutionNode = FALSE
	EndGlobalSection
	GlobalSection(ExtensibilityGlobals) = postSolution
		SolutionGuid = {4B0B6F88-3A99-4507-86FA-C86F9F21A60B}
	EndGlobalSection
EndGlobal
