
Microsoft Visual Studio Solution File, Format Version 12.00
# Visual Studio Version 17
VisualStudioVersion = 17.1.32210.238
MinimumVisualStudioVersion = 10.0.40219.1
Project("{FAE04EC0-301F-11D3-BF4B-00C04F79EFBC}") = "DataTypesExample", "DataTypesExample\DataTypesExample.csproj", "{EB69D03E-6F88-41E9-860A-81BDA956396F}"
EndProject
Project("{FAE04EC0-301F-11D3-BF4B-00C04F79EFBC}") = "OperatorsExample", "OperatorsExample\OperatorsExample.csproj", "{F6472347-E11D-4E00-ACC7-F3EA3DD018D0}"
EndProject
Project("{FAE04EC0-301F-11D3-BF4B-00C04F79EFBC}") = "DataEntryExample", "DataEntryExample\DataEntryExample.csproj", "{11B08830-1744-4D36-B90D-F650F3C9C910}"
EndProject
Global
	GlobalSection(SolutionConfigurationPlatforms) = preSolution
		Debug|Any CPU = Debug|Any CPU
		Release|Any CPU = Release|Any CPU
	EndGlobalSection
	GlobalSection(ProjectConfigurationPlatforms) = postSolution
		{EB69D03E-6F88-41E9-860A-81BDA956396F}.Debug|Any CPU.ActiveCfg = Debug|Any CPU
		{EB69D03E-6F88-41E9-860A-81BDA956396F}.Debug|Any CPU.Build.0 = Debug|Any CPU
		{EB69D03E-6F88-41E9-860A-81BDA956396F}.Release|Any CPU.ActiveCfg = Release|Any CPU
		{EB69D03E-6F88-41E9-860A-81BDA956396F}.Release|Any CPU.Build.0 = Release|Any CPU
		{F6472347-E11D-4E00-ACC7-F3EA3DD018D0}.Debug|Any CPU.ActiveCfg = Debug|Any CPU
		{F6472347-E11D-4E00-ACC7-F3EA3DD018D0}.Debug|Any CPU.Build.0 = Debug|Any CPU
		{F6472347-E11D-4E00-ACC7-F3EA3DD018D0}.Release|Any CPU.ActiveCfg = Release|Any CPU
		{F6472347-E11D-4E00-ACC7-F3EA3DD018D0}.Release|Any CPU.Build.0 = Release|Any CPU
		{11B08830-1744-4D36-B90D-F650F3C9C910}.Debug|Any CPU.ActiveCfg = Debug|Any CPU
		{11B08830-1744-4D36-B90D-F650F3C9C910}.Debug|Any CPU.Build.0 = Debug|Any CPU
		{11B08830-1744-4D36-B90D-F650F3C9C910}.Release|Any CPU.ActiveCfg = Release|Any CPU
		{11B08830-1744-4D36-B90D-F650F3C9C910}.Release|Any CPU.Build.0 = Release|Any CPU
	EndGlobalSection
	GlobalSection(SolutionProperties) = preSolution
		HideSolutionNode = FALSE
	EndGlobalSection
	GlobalSection(ExtensibilityGlobals) = postSolution
		SolutionGuid = {67F77719-60F9-41FD-A194-2635C5C72344}
	EndGlobalSection
EndGlobal
