
Microsoft Visual Studio Solution File, Format Version 12.00
# Visual Studio Version 17
VisualStudioVersion = 17.1.32210.238
MinimumVisualStudioVersion = 10.0.40219.1
Project("{9A19103F-16F7-4668-BE54-9A1E7A4F7556}") = "DataTypesExample", "DataTypesExample\DataTypesExample.csproj", "{EB69D03E-6F88-41E9-860A-81BDA956396F}"
EndProject
Project("{9A19103F-16F7-4668-BE54-9A1E7A4F7556}") = "OperatorsExample", "OperatorsExample\OperatorsExample.csproj", "{F6472347-E11D-4E00-ACC7-F3EA3DD018D0}"
EndProject
Project("{9A19103F-16F7-4668-BE54-9A1E7A4F7556}") = "DataEntryExample", "DataEntryExample\DataEntryExample.csproj", "{11B08830-1744-4D36-B90D-F650F3C9C910}"
EndProject
Project("{FAE04EC0-301F-11D3-BF4B-00C04F79EFBC}") = "ConversionExample", "ConversionExample\ConversionExample.csproj", "{F1773FD0-AD61-4111-8044-377A516F033F}"
EndProject
Project("{FAE04EC0-301F-11D3-BF4B-00C04F79EFBC}") = "BranchingExample", "BranchingExample\BranchingExample.csproj", "{EAA6D67F-374D-47E4-9258-BD18323E3B86}"
EndProject
Project("{FAE04EC0-301F-11D3-BF4B-00C04F79EFBC}") = "Exercise5", "Exercise5\Exercise5.csproj", "{9C8B42CF-FF32-4364-8B5C-35F9AC0342BE}"
EndProject
Project("{FAE04EC0-301F-11D3-BF4B-00C04F79EFBC}") = "Exercise6", "Exercise6\Exercise6.csproj", "{0B405E48-32FD-4C6C-B5F2-2AE141D4D94A}"
EndProject
Project("{FAE04EC0-301F-11D3-BF4B-00C04F79EFBC}") = "Exercise7", "Exercise7\Exercise7.csproj", "{E3D6E37A-129E-4BE5-B3F2-9BAAE69896BA}"
EndProject
Global
	GlobalSection(SolutionConfigurationPlatforms) = preSolution
		Debug|Any CPU = Debug|Any CPU
		Release|Any CPU = Release|Any CPU
	EndGlobalSection
	GlobalSection(ProjectConfigurationPlatforms) = postSolution
		{EB69D03E-6F88-41E9-860A-81BDA956396F}.Debug|Any CPU.ActiveCfg = Debug|Any CPU
		{EB69D03E-6F88-41E9-860A-81BDA956396F}.Debug|Any CPU.Build.0 = Debug|Any CPU
		{EB69D03E-6F88-41E9-860A-81BDA956396F}.Release|Any CPU.ActiveCfg = Release|Any CPU
		{EB69D03E-6F88-41E9-860A-81BDA956396F}.Release|Any CPU.Build.0 = Release|Any CPU
		{F6472347-E11D-4E00-ACC7-F3EA3DD018D0}.Debug|Any CPU.ActiveCfg = Debug|Any CPU
		{F6472347-E11D-4E00-ACC7-F3EA3DD018D0}.Debug|Any CPU.Build.0 = Debug|Any CPU
		{F6472347-E11D-4E00-ACC7-F3EA3DD018D0}.Release|Any CPU.ActiveCfg = Release|Any CPU
		{F6472347-E11D-4E00-ACC7-F3EA3DD018D0}.Release|Any CPU.Build.0 = Release|Any CPU
		{11B08830-1744-4D36-B90D-F650F3C9C910}.Debug|Any CPU.ActiveCfg = Debug|Any CPU
		{11B08830-1744-4D36-B90D-F650F3C9C910}.Debug|Any CPU.Build.0 = Debug|Any CPU
		{11B08830-1744-4D36-B90D-F650F3C9C910}.Release|Any CPU.ActiveCfg = Release|Any CPU
		{11B08830-1744-4D36-B90D-F650F3C9C910}.Release|Any CPU.Build.0 = Release|Any CPU
		{F1773FD0-AD61-4111-8044-377A516F033F}.Debug|Any CPU.ActiveCfg = Debug|Any CPU
		{F1773FD0-AD61-4111-8044-377A516F033F}.Debug|Any CPU.Build.0 = Debug|Any CPU
		{F1773FD0-AD61-4111-8044-377A516F033F}.Release|Any CPU.ActiveCfg = Release|Any CPU
		{F1773FD0-AD61-4111-8044-377A516F033F}.Release|Any CPU.Build.0 = Release|Any CPU
		{EAA6D67F-374D-47E4-9258-BD18323E3B86}.Debug|Any CPU.ActiveCfg = Debug|Any CPU
		{EAA6D67F-374D-47E4-9258-BD18323E3B86}.Debug|Any CPU.Build.0 = Debug|Any CPU
		{EAA6D67F-374D-47E4-9258-BD18323E3B86}.Release|Any CPU.ActiveCfg = Release|Any CPU
		{EAA6D67F-374D-47E4-9258-BD18323E3B86}.Release|Any CPU.Build.0 = Release|Any CPU
		{9C8B42CF-FF32-4364-8B5C-35F9AC0342BE}.Debug|Any CPU.ActiveCfg = Debug|Any CPU
		{9C8B42CF-FF32-4364-8B5C-35F9AC0342BE}.Debug|Any CPU.Build.0 = Debug|Any CPU
		{9C8B42CF-FF32-4364-8B5C-35F9AC0342BE}.Release|Any CPU.ActiveCfg = Release|Any CPU
		{9C8B42CF-FF32-4364-8B5C-35F9AC0342BE}.Release|Any CPU.Build.0 = Release|Any CPU
		{0B405E48-32FD-4C6C-B5F2-2AE141D4D94A}.Debug|Any CPU.ActiveCfg = Debug|Any CPU
		{0B405E48-32FD-4C6C-B5F2-2AE141D4D94A}.Debug|Any CPU.Build.0 = Debug|Any CPU
		{0B405E48-32FD-4C6C-B5F2-2AE141D4D94A}.Release|Any CPU.ActiveCfg = Release|Any CPU
		{0B405E48-32FD-4C6C-B5F2-2AE141D4D94A}.Release|Any CPU.Build.0 = Release|Any CPU
		{E3D6E37A-129E-4BE5-B3F2-9BAAE69896BA}.Debug|Any CPU.ActiveCfg = Debug|Any CPU
		{E3D6E37A-129E-4BE5-B3F2-9BAAE69896BA}.Debug|Any CPU.Build.0 = Debug|Any CPU
		{E3D6E37A-129E-4BE5-B3F2-9BAAE69896BA}.Release|Any CPU.ActiveCfg = Release|Any CPU
		{E3D6E37A-129E-4BE5-B3F2-9BAAE69896BA}.Release|Any CPU.Build.0 = Release|Any CPU
	EndGlobalSection
	GlobalSection(SolutionProperties) = preSolution
		HideSolutionNode = FALSE
	EndGlobalSection
	GlobalSection(ExtensibilityGlobals) = postSolution
		SolutionGuid = {67F77719-60F9-41FD-A194-2635C5C72344}
	EndGlobalSection
EndGlobal
