
Microsoft Visual Studio Solution File, Format Version 12.00
# Visual Studio Version 16
VisualStudioVersion = 16.0.31005.135
MinimumVisualStudioVersion = 10.0.40219.1
Project("{FAE04EC0-301F-11D3-BF4B-00C04F79EFBC}") = "SEDC.Oop.Class02.Variables", "SEDC.Oop.Class02.Variables\SEDC.Oop.Class02.Variables.csproj", "{4CC956FD-1F62-46BB-9EE0-7B594E72A578}"
EndProject
Global
	GlobalSection(SolutionConfigurationPlatforms) = preSolution
		Debug|Any CPU = Debug|Any CPU
		Release|Any CPU = Release|Any CPU
	EndGlobalSection
	GlobalSection(ProjectConfigurationPlatforms) = postSolution
		{4CC956FD-1F62-46BB-9EE0-7B594E72A578}.Debug|Any CPU.ActiveCfg = Debug|Any CPU
		{4CC956FD-1F62-46BB-9EE0-7B594E72A578}.Debug|Any CPU.Build.0 = Debug|Any CPU
		{4CC956FD-1F62-46BB-9EE0-7B594E72A578}.Release|Any CPU.ActiveCfg = Release|Any CPU
		{4CC956FD-1F62-46BB-9EE0-7B594E72A578}.Release|Any CPU.Build.0 = Release|Any CPU
	EndGlobalSection
	GlobalSection(SolutionProperties) = preSolution
		HideSolutionNode = FALSE
	EndGlobalSection
	GlobalSection(ExtensibilityGlobals) = postSolution
		SolutionGuid = {9DA2A5D6-76CC-4042-BF37-F82346097B49}
	EndGlobalSection
EndGlobal
