
Microsoft Visual Studio Solution File, Format Version 12.00
# Visual Studio Version 16
VisualStudioVersion = 16.0.31729.503
MinimumVisualStudioVersion = 10.0.40219.1
Project("{FAE04EC0-301F-11D3-BF4B-00C04F79EFBC}") = "DataTypes", "DataTypes\DataTypes.csproj", "{7E7A8E67-5B7D-419F-9970-1E8793E5DEAD}"
EndProject
Project("{FAE04EC0-301F-11D3-BF4B-00C04F79EFBC}") = "Exercise01", "Exercise01\Exercise01.csproj", "{626BD7EF-8EBB-4D10-AE9B-54830C37893E}"
EndProject
Project("{FAE04EC0-301F-11D3-BF4B-00C04F79EFBC}") = "Exercise02", "Exercise02\Exercise02.csproj", "{9F48E41E-81DD-452A-A929-B10AE467F5D1}"
EndProject
Project("{FAE04EC0-301F-11D3-BF4B-00C04F79EFBC}") = "Exercise03", "Exercise03\Exercise03.csproj", "{9C2FABD7-CCED-4A5B-9F50-B4F2B1FFA478}"
EndProject
Project("{FAE04EC0-301F-11D3-BF4B-00C04F79EFBC}") = "Exercise04", "Exercise04\Exercise04.csproj", "{D0B640B9-9101-4BF6-877B-39EB3C5BD8E2}"
EndProject
Project("{FAE04EC0-301F-11D3-BF4B-00C04F79EFBC}") = "DataConversion", "DataConversion\DataConversion.csproj", "{ED666D66-DC60-469A-9198-352CBA3F2886}"
EndProject
Global
	GlobalSection(SolutionConfigurationPlatforms) = preSolution
		Debug|Any CPU = Debug|Any CPU
		Release|Any CPU = Release|Any CPU
	EndGlobalSection
	GlobalSection(ProjectConfigurationPlatforms) = postSolution
		{7E7A8E67-5B7D-419F-9970-1E8793E5DEAD}.Debug|Any CPU.ActiveCfg = Debug|Any CPU
		{7E7A8E67-5B7D-419F-9970-1E8793E5DEAD}.Debug|Any CPU.Build.0 = Debug|Any CPU
		{7E7A8E67-5B7D-419F-9970-1E8793E5DEAD}.Release|Any CPU.ActiveCfg = Release|Any CPU
		{7E7A8E67-5B7D-419F-9970-1E8793E5DEAD}.Release|Any CPU.Build.0 = Release|Any CPU
		{626BD7EF-8EBB-4D10-AE9B-54830C37893E}.Debug|Any CPU.ActiveCfg = Debug|Any CPU
		{626BD7EF-8EBB-4D10-AE9B-54830C37893E}.Debug|Any CPU.Build.0 = Debug|Any CPU
		{626BD7EF-8EBB-4D10-AE9B-54830C37893E}.Release|Any CPU.ActiveCfg = Release|Any CPU
		{626BD7EF-8EBB-4D10-AE9B-54830C37893E}.Release|Any CPU.Build.0 = Release|Any CPU
		{9F48E41E-81DD-452A-A929-B10AE467F5D1}.Debug|Any CPU.ActiveCfg = Debug|Any CPU
		{9F48E41E-81DD-452A-A929-B10AE467F5D1}.Debug|Any CPU.Build.0 = Debug|Any CPU
		{9F48E41E-81DD-452A-A929-B10AE467F5D1}.Release|Any CPU.ActiveCfg = Release|Any CPU
		{9F48E41E-81DD-452A-A929-B10AE467F5D1}.Release|Any CPU.Build.0 = Release|Any CPU
		{9C2FABD7-CCED-4A5B-9F50-B4F2B1FFA478}.Debug|Any CPU.ActiveCfg = Debug|Any CPU
		{9C2FABD7-CCED-4A5B-9F50-B4F2B1FFA478}.Debug|Any CPU.Build.0 = Debug|Any CPU
		{9C2FABD7-CCED-4A5B-9F50-B4F2B1FFA478}.Release|Any CPU.ActiveCfg = Release|Any CPU
		{9C2FABD7-CCED-4A5B-9F50-B4F2B1FFA478}.Release|Any CPU.Build.0 = Release|Any CPU
		{D0B640B9-9101-4BF6-877B-39EB3C5BD8E2}.Debug|Any CPU.ActiveCfg = Debug|Any CPU
		{D0B640B9-9101-4BF6-877B-39EB3C5BD8E2}.Debug|Any CPU.Build.0 = Debug|Any CPU
		{D0B640B9-9101-4BF6-877B-39EB3C5BD8E2}.Release|Any CPU.ActiveCfg = Release|Any CPU
		{D0B640B9-9101-4BF6-877B-39EB3C5BD8E2}.Release|Any CPU.Build.0 = Release|Any CPU
		{ED666D66-DC60-469A-9198-352CBA3F2886}.Debug|Any CPU.ActiveCfg = Debug|Any CPU
		{ED666D66-DC60-469A-9198-352CBA3F2886}.Debug|Any CPU.Build.0 = Debug|Any CPU
		{ED666D66-DC60-469A-9198-352CBA3F2886}.Release|Any CPU.ActiveCfg = Release|Any CPU
		{ED666D66-DC60-469A-9198-352CBA3F2886}.Release|Any CPU.Build.0 = Release|Any CPU
	EndGlobalSection
	GlobalSection(SolutionProperties) = preSolution
		HideSolutionNode = FALSE
	EndGlobalSection
	GlobalSection(ExtensibilityGlobals) = postSolution
		SolutionGuid = {EFE06E66-3E55-47E5-9DD2-3173B29BA7B3}
	EndGlobalSection
EndGlobal
