
Microsoft Visual Studio Solution File, Format Version 12.00
# Visual Studio Version 16
VisualStudioVersion = 16.0.31005.135
MinimumVisualStudioVersion = 10.0.40219.1
Project("{FAE04EC0-301F-11D3-BF4B-00C04F79EFBC}") = "SEDC.Oop.Class07.Inheritance", "SEDC.Oop.Class07.Inheritance\SEDC.Oop.Class07.Inheritance.csproj", "{9FA25719-3E8A-42CE-9C58-E2587BAE2A27}"
EndProject
Global
	GlobalSection(SolutionConfigurationPlatforms) = preSolution
		Debug|Any CPU = Debug|Any CPU
		Release|Any CPU = Release|Any CPU
	EndGlobalSection
	GlobalSection(ProjectConfigurationPlatforms) = postSolution
		{9FA25719-3E8A-42CE-9C58-E2587BAE2A27}.Debug|Any CPU.ActiveCfg = Debug|Any CPU
		{9FA25719-3E8A-42CE-9C58-E2587BAE2A27}.Debug|Any CPU.Build.0 = Debug|Any CPU
		{9FA25719-3E8A-42CE-9C58-E2587BAE2A27}.Release|Any CPU.ActiveCfg = Release|Any CPU
		{9FA25719-3E8A-42CE-9C58-E2587BAE2A27}.Release|Any CPU.Build.0 = Release|Any CPU
	EndGlobalSection
	GlobalSection(SolutionProperties) = preSolution
		HideSolutionNode = FALSE
	EndGlobalSection
	GlobalSection(ExtensibilityGlobals) = postSolution
		SolutionGuid = {3C1966C5-A0BC-4B35-9B0F-FE1250ABF62E}
	EndGlobalSection
EndGlobal
