
Microsoft Visual Studio Solution File, Format Version 12.00
# Visual Studio Version 16
VisualStudioVersion = 16.0.31729.503
MinimumVisualStudioVersion = 10.0.40219.1
Project("{FAE04EC0-301F-11D3-BF4B-00C04F79EFBC}") = "FirstConsoleApp", "FirstConsoleApp\FirstConsoleApp.csproj", "{3689BA4C-DD95-4F0D-A90D-403E99E7A0EF}"
EndProject
Project("{FAE04EC0-301F-11D3-BF4B-00C04F79EFBC}") = "SecondConsoleApplication", "SecondConsoleApplication\SecondConsoleApplication.csproj", "{00841EBA-B781-4720-8B8A-2E288ECFABB1}"
EndProject
Global
	GlobalSection(SolutionConfigurationPlatforms) = preSolution
		Debug|Any CPU = Debug|Any CPU
		Release|Any CPU = Release|Any CPU
	EndGlobalSection
	GlobalSection(ProjectConfigurationPlatforms) = postSolution
		{3689BA4C-DD95-4F0D-A90D-403E99E7A0EF}.Debug|Any CPU.ActiveCfg = Debug|Any CPU
		{3689BA4C-DD95-4F0D-A90D-403E99E7A0EF}.Debug|Any CPU.Build.0 = Debug|Any CPU
		{3689BA4C-DD95-4F0D-A90D-403E99E7A0EF}.Release|Any CPU.ActiveCfg = Release|Any CPU
		{3689BA4C-DD95-4F0D-A90D-403E99E7A0EF}.Release|Any CPU.Build.0 = Release|Any CPU
		{00841EBA-B781-4720-8B8A-2E288ECFABB1}.Debug|Any CPU.ActiveCfg = Debug|Any CPU
		{00841EBA-B781-4720-8B8A-2E288ECFABB1}.Debug|Any CPU.Build.0 = Debug|Any CPU
		{00841EBA-B781-4720-8B8A-2E288ECFABB1}.Release|Any CPU.ActiveCfg = Release|Any CPU
		{00841EBA-B781-4720-8B8A-2E288ECFABB1}.Release|Any CPU.Build.0 = Release|Any CPU
	EndGlobalSection
	GlobalSection(SolutionProperties) = preSolution
		HideSolutionNode = FALSE
	EndGlobalSection
	GlobalSection(ExtensibilityGlobals) = postSolution
		SolutionGuid = {36E68556-FFC1-4891-88D9-F53D6AE8D9E4}
	EndGlobalSection
EndGlobal
