
Microsoft Visual Studio Solution File, Format Version 12.00
# Visual Studio Version 16
VisualStudioVersion = 16.0.30413.136
MinimumVisualStudioVersion = 10.0.40219.1
Project("{9A19103F-16F7-4668-BE54-9A1E7A4F7556}") = "Linq", "Linq\Linq.csproj", "{56884D29-06CC-4F5F-B9E0-23C6F5EB2633}"
EndProject
Project("{FAE04EC0-301F-11D3-BF4B-00C04F79EFBC}") = "ExerciseLinq", "ExerciseLinq\ExerciseLinq.csproj", "{877B587B-1FD7-42F9-B253-65819BD6451F}"
EndProject
Project("{FAE04EC0-301F-11D3-BF4B-00C04F79EFBC}") = "ErrorHandlingAndExceptions", "ErrorHandlingAndExceptions\ErrorHandlingAndExceptions.csproj", "{563A6111-F958-4935-8CAC-484F84351980}"
EndProject
Global
	GlobalSection(SolutionConfigurationPlatforms) = preSolution
		Debug|Any CPU = Debug|Any CPU
		Release|Any CPU = Release|Any CPU
	EndGlobalSection
	GlobalSection(ProjectConfigurationPlatforms) = postSolution
		{56884D29-06CC-4F5F-B9E0-23C6F5EB2633}.Debug|Any CPU.ActiveCfg = Debug|Any CPU
		{56884D29-06CC-4F5F-B9E0-23C6F5EB2633}.Debug|Any CPU.Build.0 = Debug|Any CPU
		{56884D29-06CC-4F5F-B9E0-23C6F5EB2633}.Release|Any CPU.ActiveCfg = Release|Any CPU
		{56884D29-06CC-4F5F-B9E0-23C6F5EB2633}.Release|Any CPU.Build.0 = Release|Any CPU
		{877B587B-1FD7-42F9-B253-65819BD6451F}.Debug|Any CPU.ActiveCfg = Debug|Any CPU
		{877B587B-1FD7-42F9-B253-65819BD6451F}.Debug|Any CPU.Build.0 = Debug|Any CPU
		{877B587B-1FD7-42F9-B253-65819BD6451F}.Release|Any CPU.ActiveCfg = Release|Any CPU
		{877B587B-1FD7-42F9-B253-65819BD6451F}.Release|Any CPU.Build.0 = Release|Any CPU
		{563A6111-F958-4935-8CAC-484F84351980}.Debug|Any CPU.ActiveCfg = Debug|Any CPU
		{563A6111-F958-4935-8CAC-484F84351980}.Debug|Any CPU.Build.0 = Debug|Any CPU
		{563A6111-F958-4935-8CAC-484F84351980}.Release|Any CPU.ActiveCfg = Release|Any CPU
		{563A6111-F958-4935-8CAC-484F84351980}.Release|Any CPU.Build.0 = Release|Any CPU
	EndGlobalSection
	GlobalSection(SolutionProperties) = preSolution
		HideSolutionNode = FALSE
	EndGlobalSection
	GlobalSection(ExtensibilityGlobals) = postSolution
		SolutionGuid = {96CB90E4-3C33-4745-8751-E74BF04C3902}
	EndGlobalSection
EndGlobal
