
Microsoft Visual Studio Solution File, Format Version 12.00
# Visual Studio Version 17
VisualStudioVersion = 17.0.32112.339
MinimumVisualStudioVersion = 10.0.40219.1
Project("{FAE04EC0-301F-11D3-BF4B-00C04F79EFBC}") = "ConsoleApp", "ConsoleApp\ConsoleApp.csproj", "{62B3C8FF-7BB3-4572-998F-E29D6296A10E}"
EndProject
Global
	GlobalSection(SolutionConfigurationPlatforms) = preSolution
		Debug|Any CPU = Debug|Any CPU
		Release|Any CPU = Release|Any CPU
	EndGlobalSection
	GlobalSection(ProjectConfigurationPlatforms) = postSolution
		{62B3C8FF-7BB3-4572-998F-E29D6296A10E}.Debug|Any CPU.ActiveCfg = Debug|Any CPU
		{62B3C8FF-7BB3-4572-998F-E29D6296A10E}.Debug|Any CPU.Build.0 = Debug|Any CPU
		{62B3C8FF-7BB3-4572-998F-E29D6296A10E}.Release|Any CPU.ActiveCfg = Release|Any CPU
		{62B3C8FF-7BB3-4572-998F-E29D6296A10E}.Release|Any CPU.Build.0 = Release|Any CPU
	EndGlobalSection
	GlobalSection(SolutionProperties) = preSolution
		HideSolutionNode = FALSE
	EndGlobalSection
	GlobalSection(ExtensibilityGlobals) = postSolution
		SolutionGuid = {76EE2EF7-D982-4282-B75F-EC0E400F56F1}
	EndGlobalSection
EndGlobal
