
Microsoft Visual Studio Solution File, Format Version 12.00
# Visual Studio Version 16
VisualStudioVersion = 16.0.31321.278
MinimumVisualStudioVersion = 10.0.40219.1
Project("{FAE04EC0-301F-11D3-BF4B-00C04F79EFBC}") = "CSharpBasic-L10-EX1", "CSharpBasic-L10-EX1\CSharpBasic-L10-EX1.csproj", "{1640EBD0-6763-4F24-B7EF-C4EAF6945066}"
EndProject
Project("{FAE04EC0-301F-11D3-BF4B-00C04F79EFBC}") = "Enteties", "Enteties\Enteties.csproj", "{76ACAB97-B393-4DB4-96A2-DACAEC2A0390}"
EndProject
Global
	GlobalSection(SolutionConfigurationPlatforms) = preSolution
		Debug|Any CPU = Debug|Any CPU
		Release|Any CPU = Release|Any CPU
	EndGlobalSection
	GlobalSection(ProjectConfigurationPlatforms) = postSolution
		{1640EBD0-6763-4F24-B7EF-C4EAF6945066}.Debug|Any CPU.ActiveCfg = Debug|Any CPU
		{1640EBD0-6763-4F24-B7EF-C4EAF6945066}.Debug|Any CPU.Build.0 = Debug|Any CPU
		{1640EBD0-6763-4F24-B7EF-C4EAF6945066}.Release|Any CPU.ActiveCfg = Release|Any CPU
		{1640EBD0-6763-4F24-B7EF-C4EAF6945066}.Release|Any CPU.Build.0 = Release|Any CPU
		{76ACAB97-B393-4DB4-96A2-DACAEC2A0390}.Debug|Any CPU.ActiveCfg = Debug|Any CPU
		{76ACAB97-B393-4DB4-96A2-DACAEC2A0390}.Debug|Any CPU.Build.0 = Debug|Any CPU
		{76ACAB97-B393-4DB4-96A2-DACAEC2A0390}.Release|Any CPU.ActiveCfg = Release|Any CPU
		{76ACAB97-B393-4DB4-96A2-DACAEC2A0390}.Release|Any CPU.Build.0 = Release|Any CPU
	EndGlobalSection
	GlobalSection(SolutionProperties) = preSolution
		HideSolutionNode = FALSE
	EndGlobalSection
	GlobalSection(ExtensibilityGlobals) = postSolution
		SolutionGuid = {6D1AA2FB-AEEA-4F12-85FC-EEF6194F22DF}
	EndGlobalSection
EndGlobal
