
Microsoft Visual Studio Solution File, Format Version 12.00
# Visual Studio Version 17
VisualStudioVersion = 17.1.32210.238
MinimumVisualStudioVersion = 10.0.40219.1
Project("{FAE04EC0-301F-11D3-BF4B-00C04F79EFBC}") = "CollectionsExample", "CollectionsExample\CollectionsExample.csproj", "{93E56A11-D5D7-4D79-95E0-78A3D05FCB2D}"
EndProject
Project("{FAE04EC0-301F-11D3-BF4B-00C04F79EFBC}") = "PhonebookExample", "PhonebookExample\PhonebookExample.csproj", "{E36615D3-F838-4A6D-8E1F-919AD986BB67}"
EndProject
Global
	GlobalSection(SolutionConfigurationPlatforms) = preSolution
		Debug|Any CPU = Debug|Any CPU
		Release|Any CPU = Release|Any CPU
	EndGlobalSection
	GlobalSection(ProjectConfigurationPlatforms) = postSolution
		{93E56A11-D5D7-4D79-95E0-78A3D05FCB2D}.Debug|Any CPU.ActiveCfg = Debug|Any CPU
		{93E56A11-D5D7-4D79-95E0-78A3D05FCB2D}.Debug|Any CPU.Build.0 = Debug|Any CPU
		{93E56A11-D5D7-4D79-95E0-78A3D05FCB2D}.Release|Any CPU.ActiveCfg = Release|Any CPU
		{93E56A11-D5D7-4D79-95E0-78A3D05FCB2D}.Release|Any CPU.Build.0 = Release|Any CPU
		{E36615D3-F838-4A6D-8E1F-919AD986BB67}.Debug|Any CPU.ActiveCfg = Debug|Any CPU
		{E36615D3-F838-4A6D-8E1F-919AD986BB67}.Debug|Any CPU.Build.0 = Debug|Any CPU
		{E36615D3-F838-4A6D-8E1F-919AD986BB67}.Release|Any CPU.ActiveCfg = Release|Any CPU
		{E36615D3-F838-4A6D-8E1F-919AD986BB67}.Release|Any CPU.Build.0 = Release|Any CPU
	EndGlobalSection
	GlobalSection(SolutionProperties) = preSolution
		HideSolutionNode = FALSE
	EndGlobalSection
	GlobalSection(ExtensibilityGlobals) = postSolution
		SolutionGuid = {B072A77C-1A54-4069-8FFC-3E0E4CFD5656}
	EndGlobalSection
EndGlobal
