
Microsoft Visual Studio Solution File, Format Version 12.00
# Visual Studio Version 16
VisualStudioVersion = 16.0.31729.503
MinimumVisualStudioVersion = 10.0.40219.1
Project("{FAE04EC0-301F-11D3-BF4B-00C04F79EFBC}") = "Collections", "Collections\Collections.csproj", "{5AB37F00-D478-45CD-9750-6E3EDC321B3F}"
EndProject
Project("{FAE04EC0-301F-11D3-BF4B-00C04F79EFBC}") = "Exercise01", "Exercise01\Exercise01.csproj", "{3B0A36AE-7CB5-4EB5-864E-388CBFDFE412}"
EndProject
Project("{FAE04EC0-301F-11D3-BF4B-00C04F79EFBC}") = "Linq", "Linq\Linq.csproj", "{ECAEC682-A68D-4DD4-BDAF-136C6A0F47E1}"
EndProject
Global
	GlobalSection(SolutionConfigurationPlatforms) = preSolution
		Debug|Any CPU = Debug|Any CPU
		Release|Any CPU = Release|Any CPU
	EndGlobalSection
	GlobalSection(ProjectConfigurationPlatforms) = postSolution
		{5AB37F00-D478-45CD-9750-6E3EDC321B3F}.Debug|Any CPU.ActiveCfg = Debug|Any CPU
		{5AB37F00-D478-45CD-9750-6E3EDC321B3F}.Debug|Any CPU.Build.0 = Debug|Any CPU
		{5AB37F00-D478-45CD-9750-6E3EDC321B3F}.Release|Any CPU.ActiveCfg = Release|Any CPU
		{5AB37F00-D478-45CD-9750-6E3EDC321B3F}.Release|Any CPU.Build.0 = Release|Any CPU
		{3B0A36AE-7CB5-4EB5-864E-388CBFDFE412}.Debug|Any CPU.ActiveCfg = Debug|Any CPU
		{3B0A36AE-7CB5-4EB5-864E-388CBFDFE412}.Debug|Any CPU.Build.0 = Debug|Any CPU
		{3B0A36AE-7CB5-4EB5-864E-388CBFDFE412}.Release|Any CPU.ActiveCfg = Release|Any CPU
		{3B0A36AE-7CB5-4EB5-864E-388CBFDFE412}.Release|Any CPU.Build.0 = Release|Any CPU
		{ECAEC682-A68D-4DD4-BDAF-136C6A0F47E1}.Debug|Any CPU.ActiveCfg = Debug|Any CPU
		{ECAEC682-A68D-4DD4-BDAF-136C6A0F47E1}.Debug|Any CPU.Build.0 = Debug|Any CPU
		{ECAEC682-A68D-4DD4-BDAF-136C6A0F47E1}.Release|Any CPU.ActiveCfg = Release|Any CPU
		{ECAEC682-A68D-4DD4-BDAF-136C6A0F47E1}.Release|Any CPU.Build.0 = Release|Any CPU
	EndGlobalSection
	GlobalSection(SolutionProperties) = preSolution
		HideSolutionNode = FALSE
	EndGlobalSection
	GlobalSection(ExtensibilityGlobals) = postSolution
		SolutionGuid = {A7C8FE69-F46F-44BB-8A40-1B8FB2F98BAA}
	EndGlobalSection
EndGlobal
