
Microsoft Visual Studio Solution File, Format Version 12.00
# Visual Studio Version 16
VisualStudioVersion = 16.0.31321.278
MinimumVisualStudioVersion = 10.0.40219.1
Project("{9A19103F-16F7-4668-BE54-9A1E7A4F7556}") = "CSharpBasic-G2-Loops-L2", "CSharpBasic-G2-Loops-L2\CSharpBasic-G2-Loops-L2.csproj", "{44D4A2C1-EE2B-42D7-AC44-6F3925D0DB0C}"
EndProject
Project("{FAE04EC0-301F-11D3-BF4B-00C04F79EFBC}") = "CSharpBasic-G2-Loops-E2-L2", "CSharpBasic-G2-Loops-E2-L2\CSharpBasic-G2-Loops-E2-L2.csproj", "{C4FA88E7-9D3F-4626-8096-1827A34F88EE}"
EndProject
Project("{FAE04EC0-301F-11D3-BF4B-00C04F79EFBC}") = "CSharpBasic-G2-Loops-E3-L2", "CSharpBasic-G2-Loops-E3-L2\CSharpBasic-G2-Loops-E3-L2.csproj", "{6F633F89-A699-4507-ABE1-6D977FDF230E}"
EndProject
Project("{FAE04EC0-301F-11D3-BF4B-00C04F79EFBC}") = "CSharpBasic-G2-Arrays-L2", "CSharpBasic-G2-Arrays-L2\CSharpBasic-G2-Arrays-L2.csproj", "{9EB3262A-D7FA-4A36-9935-D7B8BA2634E4}"
EndProject
Project("{FAE04EC0-301F-11D3-BF4B-00C04F79EFBC}") = "CSharpBasic-G2-Arrays-EX-L2", "CSharpBasic-G2-Arrays-EX-L2\CSharpBasic-G2-Arrays-EX-L2.csproj", "{A08719D2-AAA5-480D-BD9F-3E7A452B790C}"
EndProject
Global
	GlobalSection(SolutionConfigurationPlatforms) = preSolution
		Debug|Any CPU = Debug|Any CPU
		Release|Any CPU = Release|Any CPU
	EndGlobalSection
	GlobalSection(ProjectConfigurationPlatforms) = postSolution
		{44D4A2C1-EE2B-42D7-AC44-6F3925D0DB0C}.Debug|Any CPU.ActiveCfg = Debug|Any CPU
		{44D4A2C1-EE2B-42D7-AC44-6F3925D0DB0C}.Debug|Any CPU.Build.0 = Debug|Any CPU
		{44D4A2C1-EE2B-42D7-AC44-6F3925D0DB0C}.Release|Any CPU.ActiveCfg = Release|Any CPU
		{44D4A2C1-EE2B-42D7-AC44-6F3925D0DB0C}.Release|Any CPU.Build.0 = Release|Any CPU
		{C4FA88E7-9D3F-4626-8096-1827A34F88EE}.Debug|Any CPU.ActiveCfg = Debug|Any CPU
		{C4FA88E7-9D3F-4626-8096-1827A34F88EE}.Debug|Any CPU.Build.0 = Debug|Any CPU
		{C4FA88E7-9D3F-4626-8096-1827A34F88EE}.Release|Any CPU.ActiveCfg = Release|Any CPU
		{C4FA88E7-9D3F-4626-8096-1827A34F88EE}.Release|Any CPU.Build.0 = Release|Any CPU
		{6F633F89-A699-4507-ABE1-6D977FDF230E}.Debug|Any CPU.ActiveCfg = Debug|Any CPU
		{6F633F89-A699-4507-ABE1-6D977FDF230E}.Debug|Any CPU.Build.0 = Debug|Any CPU
		{6F633F89-A699-4507-ABE1-6D977FDF230E}.Release|Any CPU.ActiveCfg = Release|Any CPU
		{6F633F89-A699-4507-ABE1-6D977FDF230E}.Release|Any CPU.Build.0 = Release|Any CPU
		{9EB3262A-D7FA-4A36-9935-D7B8BA2634E4}.Debug|Any CPU.ActiveCfg = Debug|Any CPU
		{9EB3262A-D7FA-4A36-9935-D7B8BA2634E4}.Debug|Any CPU.Build.0 = Debug|Any CPU
		{9EB3262A-D7FA-4A36-9935-D7B8BA2634E4}.Release|Any CPU.ActiveCfg = Release|Any CPU
		{9EB3262A-D7FA-4A36-9935-D7B8BA2634E4}.Release|Any CPU.Build.0 = Release|Any CPU
		{A08719D2-AAA5-480D-BD9F-3E7A452B790C}.Debug|Any CPU.ActiveCfg = Debug|Any CPU
		{A08719D2-AAA5-480D-BD9F-3E7A452B790C}.Debug|Any CPU.Build.0 = Debug|Any CPU
		{A08719D2-AAA5-480D-BD9F-3E7A452B790C}.Release|Any CPU.ActiveCfg = Release|Any CPU
		{A08719D2-AAA5-480D-BD9F-3E7A452B790C}.Release|Any CPU.Build.0 = Release|Any CPU
	EndGlobalSection
	GlobalSection(SolutionProperties) = preSolution
		HideSolutionNode = FALSE
	EndGlobalSection
	GlobalSection(ExtensibilityGlobals) = postSolution
		SolutionGuid = {05B7A6C4-A6D9-408A-8FFC-EE14D3A6C890}
	EndGlobalSection
EndGlobal
