
Microsoft Visual Studio Solution File, Format Version 12.00
# Visual Studio Version 17
VisualStudioVersion = 17.1.32210.238
MinimumVisualStudioVersion = 10.0.40219.1
Project("{FAE04EC0-301F-11D3-BF4B-00C04F79EFBC}") = "InheritnaceExample", "InheritnaceExample\InheritnaceExample.csproj", "{8F3AE998-4DFE-4055-ADA2-3453409D2F30}"
EndProject
Project("{FAE04EC0-301F-11D3-BF4B-00C04F79EFBC}") = "Models", "Models\Models.csproj", "{FA6BB32B-5746-425A-A17C-C13C4F8F862D}"
EndProject
Global
	GlobalSection(SolutionConfigurationPlatforms) = preSolution
		Debug|Any CPU = Debug|Any CPU
		Release|Any CPU = Release|Any CPU
	EndGlobalSection
	GlobalSection(ProjectConfigurationPlatforms) = postSolution
		{8F3AE998-4DFE-4055-ADA2-3453409D2F30}.Debug|Any CPU.ActiveCfg = Debug|Any CPU
		{8F3AE998-4DFE-4055-ADA2-3453409D2F30}.Debug|Any CPU.Build.0 = Debug|Any CPU
		{8F3AE998-4DFE-4055-ADA2-3453409D2F30}.Release|Any CPU.ActiveCfg = Release|Any CPU
		{8F3AE998-4DFE-4055-ADA2-3453409D2F30}.Release|Any CPU.Build.0 = Release|Any CPU
		{FA6BB32B-5746-425A-A17C-C13C4F8F862D}.Debug|Any CPU.ActiveCfg = Debug|Any CPU
		{FA6BB32B-5746-425A-A17C-C13C4F8F862D}.Debug|Any CPU.Build.0 = Debug|Any CPU
		{FA6BB32B-5746-425A-A17C-C13C4F8F862D}.Release|Any CPU.ActiveCfg = Release|Any CPU
		{FA6BB32B-5746-425A-A17C-C13C4F8F862D}.Release|Any CPU.Build.0 = Release|Any CPU
	EndGlobalSection
	GlobalSection(SolutionProperties) = preSolution
		HideSolutionNode = FALSE
	EndGlobalSection
	GlobalSection(ExtensibilityGlobals) = postSolution
		SolutionGuid = {510CEFAC-83B4-4B1C-BD80-4D5F51C606B1}
	EndGlobalSection
EndGlobal
