
Microsoft Visual Studio Solution File, Format Version 12.00
# Visual Studio Version 17
VisualStudioVersion = 17.1.32210.238
MinimumVisualStudioVersion = 10.0.40219.1
Project("{FAE04EC0-301F-11D3-BF4B-00C04F79EFBC}") = "ClassExample", "ClassExample\ClassExample.csproj", "{232597A4-20A7-486F-9474-1FB3B90B732D}"
EndProject
Project("{FAE04EC0-301F-11D3-BF4B-00C04F79EFBC}") = "Exercise2", "Exercise2\Exercise2.csproj", "{2D8EC6AD-5ED9-4E1C-8425-0CEC683A2DB5}"
EndProject
Project("{FAE04EC0-301F-11D3-BF4B-00C04F79EFBC}") = "Exercise3", "Exercise3\Exercise3.csproj", "{540879B0-1D87-44D2-A770-DE36A8098F71}"
EndProject
Global
	GlobalSection(SolutionConfigurationPlatforms) = preSolution
		Debug|Any CPU = Debug|Any CPU
		Release|Any CPU = Release|Any CPU
	EndGlobalSection
	GlobalSection(ProjectConfigurationPlatforms) = postSolution
		{232597A4-20A7-486F-9474-1FB3B90B732D}.Debug|Any CPU.ActiveCfg = Debug|Any CPU
		{232597A4-20A7-486F-9474-1FB3B90B732D}.Debug|Any CPU.Build.0 = Debug|Any CPU
		{232597A4-20A7-486F-9474-1FB3B90B732D}.Release|Any CPU.ActiveCfg = Release|Any CPU
		{232597A4-20A7-486F-9474-1FB3B90B732D}.Release|Any CPU.Build.0 = Release|Any CPU
		{2D8EC6AD-5ED9-4E1C-8425-0CEC683A2DB5}.Debug|Any CPU.ActiveCfg = Debug|Any CPU
		{2D8EC6AD-5ED9-4E1C-8425-0CEC683A2DB5}.Debug|Any CPU.Build.0 = Debug|Any CPU
		{2D8EC6AD-5ED9-4E1C-8425-0CEC683A2DB5}.Release|Any CPU.ActiveCfg = Release|Any CPU
		{2D8EC6AD-5ED9-4E1C-8425-0CEC683A2DB5}.Release|Any CPU.Build.0 = Release|Any CPU
		{540879B0-1D87-44D2-A770-DE36A8098F71}.Debug|Any CPU.ActiveCfg = Debug|Any CPU
		{540879B0-1D87-44D2-A770-DE36A8098F71}.Debug|Any CPU.Build.0 = Debug|Any CPU
		{540879B0-1D87-44D2-A770-DE36A8098F71}.Release|Any CPU.ActiveCfg = Release|Any CPU
		{540879B0-1D87-44D2-A770-DE36A8098F71}.Release|Any CPU.Build.0 = Release|Any CPU
	EndGlobalSection
	GlobalSection(SolutionProperties) = preSolution
		HideSolutionNode = FALSE
	EndGlobalSection
	GlobalSection(ExtensibilityGlobals) = postSolution
		SolutionGuid = {740CF53B-5FE5-4D0B-BA78-BA83909625EF}
	EndGlobalSection
EndGlobal
